
Microsoft Visual Studio Solution File, Format Version 12.00
# Visual Studio Version 17
VisualStudioVersion = 17.10.34928.147
MinimumVisualStudioVersion = 10.0.40219.1
Project("{9A19103F-16F7-4668-BE54-9A1E7A4F7556}") = "Curso_Mvc", "Curso_Mvc\Curso_Mvc.csproj", "{187C907E-A1F2-42D1-8158-76D8400F8E53}"
EndProject
Project("{9A19103F-16F7-4668-BE54-9A1E7A4F7556}") = "BlogCore", "BlogCore\BlogCore.csproj", "{DEF006F7-4BEE-42AC-A23B-BA2838823BE3}"
EndProject
Project("{FAE04EC0-301F-11D3-BF4B-00C04F79EFBC}") = "BlogCore.AccesoDatos", "BlogCore.AccesoDatos\BlogCore.AccesoDatos.csproj", "{61711C48-732D-4FA7-84CB-8A76C2FEA542}"
EndProject
Project("{FAE04EC0-301F-11D3-BF4B-00C04F79EFBC}") = "BlogCore.Models", "BlogCore.Models\BlogCore.Models.csproj", "{401258D1-E7BA-4F04-ADD1-1721511DC573}"
EndProject
Project("{FAE04EC0-301F-11D3-BF4B-00C04F79EFBC}") = "BlogCore.Utilidades", "BlogCore.Utilidades\BlogCore.Utilidades.csproj", "{7F8DC5D7-4248-48D2-BC33-51B1D8C40B64}"
EndProject
Global
	GlobalSection(SolutionConfigurationPlatforms) = preSolution
		Debug|Any CPU = Debug|Any CPU
		Debug|x64 = Debug|x64
		Release|Any CPU = Release|Any CPU
		Release|x64 = Release|x64
	EndGlobalSection
	GlobalSection(ProjectConfigurationPlatforms) = postSolution
		{187C907E-A1F2-42D1-8158-76D8400F8E53}.Debug|Any CPU.ActiveCfg = Debug|Any CPU
		{187C907E-A1F2-42D1-8158-76D8400F8E53}.Debug|Any CPU.Build.0 = Debug|Any CPU
		{187C907E-A1F2-42D1-8158-76D8400F8E53}.Debug|x64.ActiveCfg = Debug|x64
		{187C907E-A1F2-42D1-8158-76D8400F8E53}.Debug|x64.Build.0 = Debug|x64
		{187C907E-A1F2-42D1-8158-76D8400F8E53}.Release|Any CPU.ActiveCfg = Release|Any CPU
		{187C907E-A1F2-42D1-8158-76D8400F8E53}.Release|Any CPU.Build.0 = Release|Any CPU
		{187C907E-A1F2-42D1-8158-76D8400F8E53}.Release|x64.ActiveCfg = Release|x64
		{187C907E-A1F2-42D1-8158-76D8400F8E53}.Release|x64.Build.0 = Release|x64
		{DEF006F7-4BEE-42AC-A23B-BA2838823BE3}.Debug|Any CPU.ActiveCfg = Debug|Any CPU
		{DEF006F7-4BEE-42AC-A23B-BA2838823BE3}.Debug|Any CPU.Build.0 = Debug|Any CPU
		{DEF006F7-4BEE-42AC-A23B-BA2838823BE3}.Debug|x64.ActiveCfg = Debug|Any CPU
		{DEF006F7-4BEE-42AC-A23B-BA2838823BE3}.Debug|x64.Build.0 = Debug|Any CPU
		{DEF006F7-4BEE-42AC-A23B-BA2838823BE3}.Release|Any CPU.ActiveCfg = Release|Any CPU
		{DEF006F7-4BEE-42AC-A23B-BA2838823BE3}.Release|Any CPU.Build.0 = Release|Any CPU
		{DEF006F7-4BEE-42AC-A23B-BA2838823BE3}.Release|x64.ActiveCfg = Release|Any CPU
		{DEF006F7-4BEE-42AC-A23B-BA2838823BE3}.Release|x64.Build.0 = Release|Any CPU
		{61711C48-732D-4FA7-84CB-8A76C2FEA542}.Debug|Any CPU.ActiveCfg = Debug|Any CPU
		{61711C48-732D-4FA7-84CB-8A76C2FEA542}.Debug|Any CPU.Build.0 = Debug|Any CPU
		{61711C48-732D-4FA7-84CB-8A76C2FEA542}.Debug|x64.ActiveCfg = Debug|Any CPU
		{61711C48-732D-4FA7-84CB-8A76C2FEA542}.Debug|x64.Build.0 = Debug|Any CPU
		{61711C48-732D-4FA7-84CB-8A76C2FEA542}.Release|Any CPU.ActiveCfg = Release|Any CPU
		{61711C48-732D-4FA7-84CB-8A76C2FEA542}.Release|Any CPU.Build.0 = Release|Any CPU
		{61711C48-732D-4FA7-84CB-8A76C2FEA542}.Release|x64.ActiveCfg = Release|Any CPU
		{61711C48-732D-4FA7-84CB-8A76C2FEA542}.Release|x64.Build.0 = Release|Any CPU
		{401258D1-E7BA-4F04-ADD1-1721511DC573}.Debug|Any CPU.ActiveCfg = Debug|Any CPU
		{401258D1-E7BA-4F04-ADD1-1721511DC573}.Debug|Any CPU.Build.0 = Debug|Any CPU
		{401258D1-E7BA-4F04-ADD1-1721511DC573}.Debug|x64.ActiveCfg = Debug|Any CPU
		{401258D1-E7BA-4F04-ADD1-1721511DC573}.Debug|x64.Build.0 = Debug|Any CPU
		{401258D1-E7BA-4F04-ADD1-1721511DC573}.Release|Any CPU.ActiveCfg = Release|Any CPU
		{401258D1-E7BA-4F04-ADD1-1721511DC573}.Release|Any CPU.Build.0 = Release|Any CPU
		{401258D1-E7BA-4F04-ADD1-1721511DC573}.Release|x64.ActiveCfg = Release|Any CPU
		{401258D1-E7BA-4F04-ADD1-1721511DC573}.Release|x64.Build.0 = Release|Any CPU
		{7F8DC5D7-4248-48D2-BC33-51B1D8C40B64}.Debug|Any CPU.ActiveCfg = Debug|Any CPU
		{7F8DC5D7-4248-48D2-BC33-51B1D8C40B64}.Debug|Any CPU.Build.0 = Debug|Any CPU
		{7F8DC5D7-4248-48D2-BC33-51B1D8C40B64}.Debug|x64.ActiveCfg = Debug|Any CPU
		{7F8DC5D7-4248-48D2-BC33-51B1D8C40B64}.Debug|x64.Build.0 = Debug|Any CPU
		{7F8DC5D7-4248-48D2-BC33-51B1D8C40B64}.Release|Any CPU.ActiveCfg = Release|Any CPU
		{7F8DC5D7-4248-48D2-BC33-51B1D8C40B64}.Release|Any CPU.Build.0 = Release|Any CPU
		{7F8DC5D7-4248-48D2-BC33-51B1D8C40B64}.Release|x64.ActiveCfg = Release|Any CPU
		{7F8DC5D7-4248-48D2-BC33-51B1D8C40B64}.Release|x64.Build.0 = Release|Any CPU
	EndGlobalSection
	GlobalSection(SolutionProperties) = preSolution
		HideSolutionNode = FALSE
	EndGlobalSection
	GlobalSection(ExtensibilityGlobals) = postSolution
		SolutionGuid = {1BEDCC85-9158-4697-B6BB-B48CD88C84E7}
	EndGlobalSection
EndGlobal
